
Microsoft Visual Studio Solution File, Format Version 12.00
# Visual Studio 2012
Project("{FAE04EC0-301F-11D3-BF4B-00C04F79EFBC}") = "CommonLayer", "CommonLayer\CommonLayer.csproj", "{CC1A8066-7BAF-4E98-BA2A-46B7B8F7D290}"
EndProject
Project("{FAE04EC0-301F-11D3-BF4B-00C04F79EFBC}") = "DALayer", "DataAccessLayer\DALayer.csproj", "{B62CE583-04F2-441B-B6A9-E6E35246AC3F}"
EndProject
Project("{FAE04EC0-301F-11D3-BF4B-00C04F79EFBC}") = "ServiceLayer", "ServiceLayer\ServiceLayer.csproj", "{15B3E0D2-6217-493A-A690-158C497F5318}"
EndProject
Project("{FAE04EC0-301F-11D3-BF4B-00C04F79EFBC}") = "Web.UILayer", "Web.UILayer\Web.UILayer.csproj", "{BC739434-B7A7-4F46-97F9-4996B37B59A1}"
EndProject
Global
	GlobalSection(SolutionConfigurationPlatforms) = preSolution
		Debug|Any CPU = Debug|Any CPU
		Release|Any CPU = Release|Any CPU
	EndGlobalSection
	GlobalSection(ProjectConfigurationPlatforms) = postSolution
		{CC1A8066-7BAF-4E98-BA2A-46B7B8F7D290}.Debug|Any CPU.ActiveCfg = Debug|Any CPU
		{CC1A8066-7BAF-4E98-BA2A-46B7B8F7D290}.Debug|Any CPU.Build.0 = Debug|Any CPU
		{CC1A8066-7BAF-4E98-BA2A-46B7B8F7D290}.Release|Any CPU.ActiveCfg = Release|Any CPU
		{CC1A8066-7BAF-4E98-BA2A-46B7B8F7D290}.Release|Any CPU.Build.0 = Release|Any CPU
		{B62CE583-04F2-441B-B6A9-E6E35246AC3F}.Debug|Any CPU.ActiveCfg = Debug|Any CPU
		{B62CE583-04F2-441B-B6A9-E6E35246AC3F}.Debug|Any CPU.Build.0 = Debug|Any CPU
		{B62CE583-04F2-441B-B6A9-E6E35246AC3F}.Release|Any CPU.ActiveCfg = Release|Any CPU
		{B62CE583-04F2-441B-B6A9-E6E35246AC3F}.Release|Any CPU.Build.0 = Release|Any CPU
		{15B3E0D2-6217-493A-A690-158C497F5318}.Debug|Any CPU.ActiveCfg = Debug|Any CPU
		{15B3E0D2-6217-493A-A690-158C497F5318}.Debug|Any CPU.Build.0 = Debug|Any CPU
		{15B3E0D2-6217-493A-A690-158C497F5318}.Release|Any CPU.ActiveCfg = Release|Any CPU
		{15B3E0D2-6217-493A-A690-158C497F5318}.Release|Any CPU.Build.0 = Release|Any CPU
		{BC739434-B7A7-4F46-97F9-4996B37B59A1}.Debug|Any CPU.ActiveCfg = Debug|Any CPU
		{BC739434-B7A7-4F46-97F9-4996B37B59A1}.Debug|Any CPU.Build.0 = Debug|Any CPU
		{BC739434-B7A7-4F46-97F9-4996B37B59A1}.Release|Any CPU.ActiveCfg = Release|Any CPU
		{BC739434-B7A7-4F46-97F9-4996B37B59A1}.Release|Any CPU.Build.0 = Release|Any CPU
	EndGlobalSection
	GlobalSection(SolutionProperties) = preSolution
		HideSolutionNode = FALSE
	EndGlobalSection
EndGlobal
